// !$*UTF8*$!
{
	archiveVersion = 1;
	classes = {
	};
	objectVersion = 50;
	objects = {

/* Begin PBXBuildFile section */
		D579C89C23FE862F00BB4F7A /* AppDelegate.swift in Sources */ = {isa = PBXBuildFile; fileRef = D579C89B23FE862F00BB4F7A /* AppDelegate.swift */; };
		D579C89E23FE862F00BB4F7A /* SceneDelegate.swift in Sources */ = {isa = PBXBuildFile; fileRef = D579C89D23FE862F00BB4F7A /* SceneDelegate.swift */; };
		D579C8A023FE862F00BB4F7A /* ContentView.swift in Sources */ = {isa = PBXBuildFile; fileRef = D579C89F23FE862F00BB4F7A /* ContentView.swift */; };
		D579C8A223FE863200BB4F7A /* Assets.xcassets in Resources */ = {isa = PBXBuildFile; fileRef = D579C8A123FE863200BB4F7A /* Assets.xcassets */; };
		D579C8A523FE863200BB4F7A /* Preview Assets.xcassets in Resources */ = {isa = PBXBuildFile; fileRef = D579C8A423FE863200BB4F7A /* Preview Assets.xcassets */; };
		D579C8A823FE863200BB4F7A /* LaunchScreen.storyboard in Resources */ = {isa = PBXBuildFile; fileRef = D579C8A623FE863200BB4F7A /* LaunchScreen.storyboard */; };
		D579C8B323FE863200BB4F7A /* Cool_UITests.swift in Sources */ = {isa = PBXBuildFile; fileRef = D579C8B223FE863200BB4F7A /* Cool_UITests.swift */; };
		D579C8BE23FE863200BB4F7A /* Cool_UIUITests.swift in Sources */ = {isa = PBXBuildFile; fileRef = D579C8BD23FE863200BB4F7A /* Cool_UIUITests.swift */; };
/* End PBXBuildFile section */

/* Begin PBXContainerItemProxy section */
		D579C8AF23FE863200BB4F7A /* PBXContainerItemProxy */ = {
			isa = PBXContainerItemProxy;
			containerPortal = D579C89023FE862F00BB4F7A /* Project object */;
			proxyType = 1;
			remoteGlobalIDString = D579C89723FE862F00BB4F7A;
			remoteInfo = "Cool UI";
		};
		D579C8BA23FE863200BB4F7A /* PBXContainerItemProxy */ = {
			isa = PBXContainerItemProxy;
			containerPortal = D579C89023FE862F00BB4F7A /* Project object */;
			proxyType = 1;
			remoteGlobalIDString = D579C89723FE862F00BB4F7A;
			remoteInfo = "Cool UI";
		};
/* End PBXContainerItemProxy section */

/* Begin PBXFileReference section */
		D579C89823FE862F00BB4F7A /* Cool UI.app */ = {isa = PBXFileReference; explicitFileType = wrapper.application; includeInIndex = 0; path = "Cool UI.app"; sourceTree = BUILT_PRODUCTS_DIR; };
		D579C89B23FE862F00BB4F7A /* AppDelegate.swift */ = {isa = PBXFileReference; lastKnownFileType = sourcecode.swift; path = AppDelegate.swift; sourceTree = "<group>"; };
		D579C89D23FE862F00BB4F7A /* SceneDelegate.swift */ = {isa = PBXFileReference; lastKnownFileType = sourcecode.swift; path = SceneDelegate.swift; sourceTree = "<group>"; };
		D579C89F23FE862F00BB4F7A /* ContentView.swift */ = {isa = PBXFileReference; lastKnownFileType = sourcecode.swift; path = ContentView.swift; sourceTree = "<group>"; };
		D579C8A123FE863200BB4F7A /* Assets.xcassets */ = {isa = PBXFileReference; lastKnownFileType = folder.assetcatalog; path = Assets.xcassets; sourceTree = "<group>"; };
		D579C8A423FE863200BB4F7A /* Preview Assets.xcassets */ = {isa = PBXFileReference; lastKnownFileType = folder.assetcatalog; path = "Preview Assets.xcassets"; sourceTree = "<group>"; };
		D579C8A723FE863200BB4F7A /* Base */ = {isa = PBXFileReference; lastKnownFileType = file.storyboard; name = Base; path = Base.lproj/LaunchScreen.storyboard; sourceTree = "<group>"; };
		D579C8A923FE863200BB4F7A /* Info.plist */ = {isa = PBXFileReference; lastKnownFileType = text.plist.xml; path = Info.plist; sourceTree = "<group>"; };
		D579C8AE23FE863200BB4F7A /* Cool UITests.xctest */ = {isa = PBXFileReference; explicitFileType = wrapper.cfbundle; includeInIndex = 0; path = "Cool UITests.xctest"; sourceTree = BUILT_PRODUCTS_DIR; };
		D579C8B223FE863200BB4F7A /* Cool_UITests.swift */ = {isa = PBXFileReference; lastKnownFileType = sourcecode.swift; path = Cool_UITests.swift; sourceTree = "<group>"; };
		D579C8B423FE863200BB4F7A /* Info.plist */ = {isa = PBXFileReference; lastKnownFileType = text.plist.xml; path = Info.plist; sourceTree = "<group>"; };
		D579C8B923FE863200BB4F7A /* Cool UIUITests.xctest */ = {isa = PBXFileReference; explicitFileType = wrapper.cfbundle; includeInIndex = 0; path = "Cool UIUITests.xctest"; sourceTree = BUILT_PRODUCTS_DIR; };
		D579C8BD23FE863200BB4F7A /* Cool_UIUITests.swift */ = {isa = PBXFileReference; lastKnownFileType = sourcecode.swift; path = Cool_UIUITests.swift; sourceTree = "<group>"; };
		D579C8BF23FE863200BB4F7A /* Info.plist */ = {isa = PBXFileReference; lastKnownFileType = text.plist.xml; path = Info.plist; sourceTree = "<group>"; };
/* End PBXFileReference section */

/* Begin PBXFrameworksBuildPhase section */
		D579C89523FE862F00BB4F7A /* Frameworks */ = {
			isa = PBXFrameworksBuildPhase;
			buildActionMask = 2147483647;
			files = (
			);
			runOnlyForDeploymentPostprocessing = 0;
		};
		D579C8AB23FE863200BB4F7A /* Frameworks */ = {
			isa = PBXFrameworksBuildPhase;
			buildActionMask = 2147483647;
			files = (
			);
			runOnlyForDeploymentPostprocessing = 0;
		};
		D579C8B623FE863200BB4F7A /* Frameworks */ = {
			isa = PBXFrameworksBuildPhase;
			buildActionMask = 2147483647;
			files = (
			);
			runOnlyForDeploymentPostprocessing = 0;
		};
/* End PBXFrameworksBuildPhase section */

/* Begin PBXGroup section */
		D579C88F23FE862F00BB4F7A = {
			isa = PBXGroup;
			children = (
				D579C89A23FE862F00BB4F7A /* Cool UI */,
				D579C8B123FE863200BB4F7A /* Cool UITests */,
				D579C8BC23FE863200BB4F7A /* Cool UIUITests */,
				D579C89923FE862F00BB4F7A /* Products */,
			);
			sourceTree = "<group>";
		};
		D579C89923FE862F00BB4F7A /* Products */ = {
			isa = PBXGroup;
			children = (
				D579C89823FE862F00BB4F7A /* Cool UI.app */,
				D579C8AE23FE863200BB4F7A /* Cool UITests.xctest */,
				D579C8B923FE863200BB4F7A /* Cool UIUITests.xctest */,
			);
			name = Products;
			sourceTree = "<group>";
		};
		D579C89A23FE862F00BB4F7A /* Cool UI */ = {
			isa = PBXGroup;
			children = (
				D579C89B23FE862F00BB4F7A /* AppDelegate.swift */,
				D579C89D23FE862F00BB4F7A /* SceneDelegate.swift */,
				D579C89F23FE862F00BB4F7A /* ContentView.swift */,
				D579C8A123FE863200BB4F7A /* Assets.xcassets */,
				D579C8A623FE863200BB4F7A /* LaunchScreen.storyboard */,
				D579C8A923FE863200BB4F7A /* Info.plist */,
				D579C8A323FE863200BB4F7A /* Preview Content */,
			);
			path = "Cool UI";
			sourceTree = "<group>";
		};
		D579C8A323FE863200BB4F7A /* Preview Content */ = {
			isa = PBXGroup;
			children = (
				D579C8A423FE863200BB4F7A /* Preview Assets.xcassets */,
			);
			path = "Preview Content";
			sourceTree = "<group>";
		};
		D579C8B123FE863200BB4F7A /* Cool UITests */ = {
			isa = PBXGroup;
			children = (
				D579C8B223FE863200BB4F7A /* Cool_UITests.swift */,
				D579C8B423FE863200BB4F7A /* Info.plist */,
			);
			path = "Cool UITests";
			sourceTree = "<group>";
		};
		D579C8BC23FE863200BB4F7A /* Cool UIUITests */ = {
			isa = PBXGroup;
			children = (
				D579C8BD23FE863200BB4F7A /* Cool_UIUITests.swift */,
				D579C8BF23FE863200BB4F7A /* Info.plist */,
			);
			path = "Cool UIUITests";
			sourceTree = "<group>";
		};
/* End PBXGroup section */

/* Begin PBXNativeTarget section */
		D579C89723FE862F00BB4F7A /* Cool UI */ = {
			isa = PBXNativeTarget;
			buildConfigurationList = D579C8C223FE863200BB4F7A /* Build configuration list for PBXNativeTarget "Cool UI" */;
			buildPhases = (
				D579C89423FE862F00BB4F7A /* Sources */,
				D579C89523FE862F00BB4F7A /* Frameworks */,
				D579C89623FE862F00BB4F7A /* Resources */,
			);
			buildRules = (
			);
			dependencies = (
			);
			name = "Cool UI";
			productName = "Cool UI";
			productReference = D579C89823FE862F00BB4F7A /* Cool UI.app */;
			productType = "com.apple.product-type.application";
		};
		D579C8AD23FE863200BB4F7A /* Cool UITests */ = {
			isa = PBXNativeTarget;
			buildConfigurationList = D579C8C523FE863200BB4F7A /* Build configuration list for PBXNativeTarget "Cool UITests" */;
			buildPhases = (
				D579C8AA23FE863200BB4F7A /* Sources */,
				D579C8AB23FE863200BB4F7A /* Frameworks */,
				D579C8AC23FE863200BB4F7A /* Resources */,
			);
			buildRules = (
			);
			dependencies = (
				D579C8B023FE863200BB4F7A /* PBXTargetDependency */,
			);
			name = "Cool UITests";
			productName = "Cool UITests";
			productReference = D579C8AE23FE863200BB4F7A /* Cool UITests.xctest */;
			productType = "com.apple.product-type.bundle.unit-test";
		};
		D579C8B823FE863200BB4F7A /* Cool UIUITests */ = {
			isa = PBXNativeTarget;
			buildConfigurationList = D579C8C823FE863200BB4F7A /* Build configuration list for PBXNativeTarget "Cool UIUITests" */;
			buildPhases = (
				D579C8B523FE863200BB4F7A /* Sources */,
				D579C8B623FE863200BB4F7A /* Frameworks */,
				D579C8B723FE863200BB4F7A /* Resources */,
			);
			buildRules = (
			);
			dependencies = (
				D579C8BB23FE863200BB4F7A /* PBXTargetDependency */,
			);
			name = "Cool UIUITests";
			productName = "Cool UIUITests";
			productReference = D579C8B923FE863200BB4F7A /* Cool UIUITests.xctest */;
			productType = "com.apple.product-type.bundle.ui-testing";
		};
/* End PBXNativeTarget section */

/* Begin PBXProject section */
		D579C89023FE862F00BB4F7A /* Project object */ = {
			isa = PBXProject;
			attributes = {
				LastSwiftUpdateCheck = 1130;
				LastUpgradeCheck = 1130;
				ORGANIZATIONNAME = ITConsortium;
				TargetAttributes = {
					D579C89723FE862F00BB4F7A = {
						CreatedOnToolsVersion = 11.3;
					};
					D579C8AD23FE863200BB4F7A = {
						CreatedOnToolsVersion = 11.3;
						TestTargetID = D579C89723FE862F00BB4F7A;
					};
					D579C8B823FE863200BB4F7A = {
						CreatedOnToolsVersion = 11.3;
						TestTargetID = D579C89723FE862F00BB4F7A;
					};
				};
			};
			buildConfigurationList = D579C89323FE862F00BB4F7A /* Build configuration list for PBXProject "Cool UI" */;
			compatibilityVersion = "Xcode 9.3";
			developmentRegion = en;
			hasScannedForEncodings = 0;
			knownRegions = (
				en,
				Base,
			);
			mainGroup = D579C88F23FE862F00BB4F7A;
			productRefGroup = D579C89923FE862F00BB4F7A /* Products */;
			projectDirPath = "";
			projectRoot = "";
			targets = (
				D579C89723FE862F00BB4F7A /* Cool UI */,
				D579C8AD23FE863200BB4F7A /* Cool UITests */,
				D579C8B823FE863200BB4F7A /* Cool UIUITests */,
			);
		};
/* End PBXProject section */

/* Begin PBXResourcesBuildPhase section */
		D579C89623FE862F00BB4F7A /* Resources */ = {
			isa = PBXResourcesBuildPhase;
			buildActionMask = 2147483647;
			files = (
				D579C8A823FE863200BB4F7A /* LaunchScreen.storyboard in Resources */,
				D579C8A523FE863200BB4F7A /* Preview Assets.xcassets in Resources */,
				D579C8A223FE863200BB4F7A /* Assets.xcassets in Resources */,
			);
			runOnlyForDeploymentPostprocessing = 0;
		};
		D579C8AC23FE863200BB4F7A /* Resources */ = {
			isa = PBXResourcesBuildPhase;
			buildActionMask = 2147483647;
			files = (
			);
			runOnlyForDeploymentPostprocessing = 0;
		};
		D579C8B723FE863200BB4F7A /* Resources */ = {
			isa = PBXResourcesBuildPhase;
			buildActionMask = 2147483647;
			files = (
			);
			runOnlyForDeploymentPostprocessing = 0;
		};
/* End PBXResourcesBuildPhase section */

/* Begin PBXSourcesBuildPhase section */
		D579C89423FE862F00BB4F7A /* Sources */ = {
			isa = PBXSourcesBuildPhase;
			buildActionMask = 2147483647;
			files = (
				D579C89C23FE862F00BB4F7A /* AppDelegate.swift in Sources */,
				D579C89E23FE862F00BB4F7A /* SceneDelegate.swift in Sources */,
				D579C8A023FE862F00BB4F7A /* ContentView.swift in Sources */,
			);
			runOnlyForDeploymentPostprocessing = 0;
		};
		D579C8AA23FE863200BB4F7A /* Sources */ = {
			isa = PBXSourcesBuildPhase;
			buildActionMask = 2147483647;
			files = (
				D579C8B323FE863200BB4F7A /* Cool_UITests.swift in Sources */,
			);
			runOnlyForDeploymentPostprocessing = 0;
		};
		D579C8B523FE863200BB4F7A /* Sources */ = {
			isa = PBXSourcesBuildPhase;
			buildActionMask = 2147483647;
			files = (
				D579C8BE23FE863200BB4F7A /* Cool_UIUITests.swift in Sources */,
			);
			runOnlyForDeploymentPostprocessing = 0;
		};
/* End PBXSourcesBuildPhase section */

/* Begin PBXTargetDependency section */
		D579C8B023FE863200BB4F7A /* PBXTargetDependency */ = {
			isa = PBXTargetDependency;
			target = D579C89723FE862F00BB4F7A /* Cool UI */;
			targetProxy = D579C8AF23FE863200BB4F7A /* PBXContainerItemProxy */;
		};
		D579C8BB23FE863200BB4F7A /* PBXTargetDependency */ = {
			isa = PBXTargetDependency;
			target = D579C89723FE862F00BB4F7A /* Cool UI */;
			targetProxy = D579C8BA23FE863200BB4F7A /* PBXContainerItemProxy */;
		};
/* End PBXTargetDependency section */

/* Begin PBXVariantGroup section */
		D579C8A623FE863200BB4F7A /* LaunchScreen.storyboard */ = {
			isa = PBXVariantGroup;
			children = (
				D579C8A723FE863200BB4F7A /* Base */,
			);
			name = LaunchScreen.storyboard;
			sourceTree = "<group>";
		};
/* End PBXVariantGroup section */

/* Begin XCBuildConfiguration section */
		D579C8C023FE863200BB4F7A /* Debug */ = {
			isa = XCBuildConfiguration;
			buildSettings = {
				ALWAYS_SEARCH_USER_PATHS = NO;
				CLANG_ANALYZER_NONNULL = YES;
				CLANG_ANALYZER_NUMBER_OBJECT_CONVERSION = YES_AGGRESSIVE;
				CLANG_CXX_LANGUAGE_STANDARD = "gnu++14";
				CLANG_CXX_LIBRARY = "libc++";
				CLANG_ENABLE_MODULES = YES;
				CLANG_ENABLE_OBJC_ARC = YES;
				CLANG_ENABLE_OBJC_WEAK = YES;
				CLANG_WARN_BLOCK_CAPTURE_AUTORELEASING = YES;
				CLANG_WARN_BOOL_CONVERSION = YES;
				CLANG_WARN_COMMA = YES;
				CLANG_WARN_CONSTANT_CONVERSION = YES;
				CLANG_WARN_DEPRECATED_OBJC_IMPLEMENTATIONS = YES;
				CLANG_WARN_DIRECT_OBJC_ISA_USAGE = YES_ERROR;
				CLANG_WARN_DOCUMENTATION_COMMENTS = YES;
				CLANG_WARN_EMPTY_BODY = YES;
				CLANG_WARN_ENUM_CONVERSION = YES;
				CLANG_WARN_INFINITE_RECURSION = YES;
				CLANG_WARN_INT_CONVERSION = YES;
				CLANG_WARN_NON_LITERAL_NULL_CONVERSION = YES;
				CLANG_WARN_OBJC_IMPLICIT_RETAIN_SELF = YES;
				CLANG_WARN_OBJC_LITERAL_CONVERSION = YES;
				CLANG_WARN_OBJC_ROOT_CLASS = YES_ERROR;
				CLANG_WARN_RANGE_LOOP_ANALYSIS = YES;
				CLANG_WARN_STRICT_PROTOTYPES = YES;
				CLANG_WARN_SUSPICIOUS_MOVE = YES;
				CLANG_WARN_UNGUARDED_AVAILABILITY = YES_AGGRESSIVE;
				CLANG_WARN_UNREACHABLE_CODE = YES;
				CLANG_WARN__DUPLICATE_METHOD_MATCH = YES;
				COPY_PHASE_STRIP = NO;
				DEBUG_INFORMATION_FORMAT = dwarf;
				ENABLE_STRICT_OBJC_MSGSEND = YES;
				ENABLE_TESTABILITY = YES;
				GCC_C_LANGUAGE_STANDARD = gnu11;
				GCC_DYNAMIC_NO_PIC = NO;
				GCC_NO_COMMON_BLOCKS = YES;
				GCC_OPTIMIZATION_LEVEL = 0;
				GCC_PREPROCESSOR_DEFINITIONS = (
					"DEBUG=1",
					"$(inherited)",
				);
				GCC_WARN_64_TO_32_BIT_CONVERSION = YES;
				GCC_WARN_ABOUT_RETURN_TYPE = YES_ERROR;
				GCC_WARN_UNDECLARED_SELECTOR = YES;
				GCC_WARN_UNINITIALIZED_AUTOS = YES_AGGRESSIVE;
				GCC_WARN_UNUSED_FUNCTION = YES;
				GCC_WARN_UNUSED_VARIABLE = YES;
				IPHONEOS_DEPLOYMENT_TARGET = 13.2;
				MTL_ENABLE_DEBUG_INFO = INCLUDE_SOURCE;
				MTL_FAST_MATH = YES;
				ONLY_ACTIVE_ARCH = YES;
				SDKROOT = iphoneos;
				SWIFT_ACTIVE_COMPILATION_CONDITIONS = DEBUG;
				SWIFT_OPTIMIZATION_LEVEL = "-Onone";
			};
			name = Debug;
		};
		D579C8C123FE863200BB4F7A /* Release */ = {
			isa = XCBuildConfiguration;
			buildSettings = {
				ALWAYS_SEARCH_USER_PATHS = NO;
				CLANG_ANALYZER_NONNULL = YES;
				CLANG_ANALYZER_NUMBER_OBJECT_CONVERSION = YES_AGGRESSIVE;
				CLANG_CXX_LANGUAGE_STANDARD = "gnu++14";
				CLANG_CXX_LIBRARY = "libc++";
				CLANG_ENABLE_MODULES = YES;
				CLANG_ENABLE_OBJC_ARC = YES;
				CLANG_ENABLE_OBJC_WEAK = YES;
				CLANG_WARN_BLOCK_CAPTURE_AUTORELEASING = YES;
				CLANG_WARN_BOOL_CONVERSION = YES;
				CLANG_WARN_COMMA = YES;
				CLANG_WARN_CONSTANT_CONVERSION = YES;
				CLANG_WARN_DEPRECATED_OBJC_IMPLEMENTATIONS = YES;
				CLANG_WARN_DIRECT_OBJC_ISA_USAGE = YES_ERROR;
				CLANG_WARN_DOCUMENTATION_COMMENTS = YES;
				CLANG_WARN_EMPTY_BODY = YES;
				CLANG_WARN_ENUM_CONVERSION = YES;
				CLANG_WARN_INFINITE_RECURSION = YES;
				CLANG_WARN_INT_CONVERSION = YES;
				CLANG_WARN_NON_LITERAL_NULL_CONVERSION = YES;
				CLANG_WARN_OBJC_IMPLICIT_RETAIN_SELF = YES;
				CLANG_WARN_OBJC_LITERAL_CONVERSION = YES;
				CLANG_WARN_OBJC_ROOT_CLASS = YES_ERROR;
				CLANG_WARN_RANGE_LOOP_ANALYSIS = YES;
				CLANG_WARN_STRICT_PROTOTYPES = YES;
				CLANG_WARN_SUSPICIOUS_MOVE = YES;
				CLANG_WARN_UNGUARDED_AVAILABILITY = YES_AGGRESSIVE;
				CLANG_WARN_UNREACHABLE_CODE = YES;
				CLANG_WARN__DUPLICATE_METHOD_MATCH = YES;
				COPY_PHASE_STRIP = NO;
				DEBUG_INFORMATION_FORMAT = "dwarf-with-dsym";
				ENABLE_NS_ASSERTIONS = NO;
				ENABLE_STRICT_OBJC_MSGSEND = YES;
				GCC_C_LANGUAGE_STANDARD = gnu11;
				GCC_NO_COMMON_BLOCKS = YES;
				GCC_WARN_64_TO_32_BIT_CONVERSION = YES;
				GCC_WARN_ABOUT_RETURN_TYPE = YES_ERROR;
				GCC_WARN_UNDECLARED_SELECTOR = YES;
				GCC_WARN_UNINITIALIZED_AUTOS = YES_AGGRESSIVE;
				GCC_WARN_UNUSED_FUNCTION = YES;
				GCC_WARN_UNUSED_VARIABLE = YES;
				IPHONEOS_DEPLOYMENT_TARGET = 13.2;
				MTL_ENABLE_DEBUG_INFO = NO;
				MTL_FAST_MATH = YES;
				SDKROOT = iphoneos;
				SWIFT_COMPILATION_MODE = wholemodule;
				SWIFT_OPTIMIZATION_LEVEL = "-O";
				VALIDATE_PRODUCT = YES;
			};
			name = Release;
		};
		D579C8C323FE863200BB4F7A /* Debug */ = {
			isa = XCBuildConfiguration;
			buildSettings = {
				ASSETCATALOG_COMPILER_APPICON_NAME = AppIcon;
				CODE_SIGN_STYLE = Automatic;
				DEVELOPMENT_ASSET_PATHS = "\"Cool UI/Preview Content\"";
				DEVELOPMENT_TEAM = 52YTAC6M92;
				ENABLE_PREVIEWS = YES;
				INFOPLIST_FILE = "Cool UI/Info.plist";
				LD_RUNPATH_SEARCH_PATHS = (
					"$(inherited)",
					"@executable_path/Frameworks",
				);
				PRODUCT_BUNDLE_IDENTIFIER = "ITC.Cool-UI";
				PRODUCT_NAME = "$(TARGET_NAME)";
				SWIFT_VERSION = 5.0;
				TARGETED_DEVICE_FAMILY = "1,2";
			};
			name = Debug;
		};
		D579C8C423FE863200BB4F7A /* Release */ = {
			isa = XCBuildConfiguration;
			buildSettings = {
				ASSETCATALOG_COMPILER_APPICON_NAME = AppIcon;
				CODE_SIGN_STYLE = Automatic;
				DEVELOPMENT_ASSET_PATHS = "\"Cool UI/Preview Content\"";
				DEVELOPMENT_TEAM = 52YTAC6M92;
				ENABLE_PREVIEWS = YES;
				INFOPLIST_FILE = "Cool UI/Info.plist";
				LD_RUNPATH_SEARCH_PATHS = (
					"$(inherited)",
					"@executable_path/Frameworks",
				);
				PRODUCT_BUNDLE_IDENTIFIER = "ITC.Cool-UI";
				PRODUCT_NAME = "$(TARGET_NAME)";
				SWIFT_VERSION = 5.0;
				TARGETED_DEVICE_FAMILY = "1,2";
			};
			name = Release;
		};
		D579C8C623FE863200BB4F7A /* Debug */ = {
			isa = XCBuildConfiguration;
			buildSettings = {
				ALWAYS_EMBED_SWIFT_STANDARD_LIBRARIES = YES;
				BUNDLE_LOADER = "$(TEST_HOST)";
				CODE_SIGN_STYLE = Automatic;
				DEVELOPMENT_TEAM = 52YTAC6M92;
				INFOPLIST_FILE = "Cool UITests/Info.plist";
				IPHONEOS_DEPLOYMENT_TARGET = 13.2;
				LD_RUNPATH_SEARCH_PATHS = (
					"$(inherited)",
					"@executable_path/Frameworks",
					"@loader_path/Frameworks",
				);
				PRODUCT_BUNDLE_IDENTIFIER = "ITC.Cool-UITests";
				PRODUCT_NAME = "$(TARGET_NAME)";
				SWIFT_VERSION = 5.0;
				TARGETED_DEVICE_FAMILY = "1,2";
				TEST_HOST = "$(BUILT_PRODUCTS_DIR)/Cool UI.app/Cool UI";
			};
			name = Debug;
		};
		D579C8C723FE863200BB4F7A /* Release */ = {
			isa = XCBuildConfiguration;
			buildSettings = {
				ALWAYS_EMBED_SWIFT_STANDARD_LIBRARIES = YES;
				BUNDLE_LOADER = "$(TEST_HOST)";
				CODE_SIGN_STYLE = Automatic;
				DEVELOPMENT_TEAM = 52YTAC6M92;
				INFOPLIST_FILE = "Cool UITests/Info.plist";
				IPHONEOS_DEPLOYMENT_TARGET = 13.2;
				LD_RUNPATH_SEARCH_PATHS = (
					"$(inherited)",
					"@executable_path/Frameworks",
					"@loader_path/Frameworks",
				);
				PRODUCT_BUNDLE_IDENTIFIER = "ITC.Cool-UITests";
				PRODUCT_NAME = "$(TARGET_NAME)";
				SWIFT_VERSION = 5.0;
				TARGETED_DEVICE_FAMILY = "1,2";
				TEST_HOST = "$(BUILT_PRODUCTS_DIR)/Cool UI.app/Cool UI";
			};
			name = Release;
		};
		D579C8C923FE863200BB4F7A /* Debug */ = {
			isa = XCBuildConfiguration;
			buildSettings = {
				ALWAYS_EMBED_SWIFT_STANDARD_LIBRARIES = YES;
				CODE_SIGN_STYLE = Automatic;
				DEVELOPMENT_TEAM = 52YTAC6M92;
				INFOPLIST_FILE = "Cool UIUITests/Info.plist";
				LD_RUNPATH_SEARCH_PATHS = (
					"$(inherited)",
					"@executable_path/Frameworks",
					"@loader_path/Frameworks",
				);
				PRODUCT_BUNDLE_IDENTIFIER = "ITC.Cool-UIUITests";
				PRODUCT_NAME = "$(TARGET_NAME)";
				SWIFT_VERSION = 5.0;
				TARGETED_DEVICE_FAMILY = "1,2";
				TEST_TARGET_NAME = "Cool UI";
			};
			name = Debug;
		};
		D579C8CA23FE863200BB4F7A /* Release */ = {
			isa = XCBuildConfiguration;
			buildSettings = {
				ALWAYS_EMBED_SWIFT_STANDARD_LIBRARIES = YES;
				CODE_SIGN_STYLE = Automatic;
				DEVELOPMENT_TEAM = 52YTAC6M92;
				INFOPLIST_FILE = "Cool UIUITests/Info.plist";
				LD_RUNPATH_SEARCH_PATHS = (
					"$(inherited)",
					"@executable_path/Frameworks",
					"@loader_path/Frameworks",
				);
				PRODUCT_BUNDLE_IDENTIFIER = "ITC.Cool-UIUITests";
				PRODUCT_NAME = "$(TARGET_NAME)";
				SWIFT_VERSION = 5.0;
				TARGETED_DEVICE_FAMILY = "1,2";
				TEST_TARGET_NAME = "Cool UI";
			};
			name = Release;
		};
/* End XCBuildConfiguration section */

/* Begin XCConfigurationList section */
		D579C89323FE862F00BB4F7A /* Build configuration list for PBXProject "Cool UI" */ = {
			isa = XCConfigurationList;
			buildConfigurations = (
				D579C8C023FE863200BB4F7A /* Debug */,
				D579C8C123FE863200BB4F7A /* Release */,
			);
			defaultConfigurationIsVisible = 0;
			defaultConfigurationName = Release;
		};
		D579C8C223FE863200BB4F7A /* Build configuration list for PBXNativeTarget "Cool UI" */ = {
			isa = XCConfigurationList;
			buildConfigurations = (
				D579C8C323FE863200BB4F7A /* Debug */,
				D579C8C423FE863200BB4F7A /* Release */,
			);
			defaultConfigurationIsVisible = 0;
			defaultConfigurationName = Release;
		};
		D579C8C523FE863200BB4F7A /* Build configuration list for PBXNativeTarget "Cool UITests" */ = {
			isa = XCConfigurationList;
			buildConfigurations = (
				D579C8C623FE863200BB4F7A /* Debug */,
				D579C8C723FE863200BB4F7A /* Release */,
			);
			defaultConfigurationIsVisible = 0;
			defaultConfigurationName = Release;
		};
		D579C8C823FE863200BB4F7A /* Build configuration list for PBXNativeTarget "Cool UIUITests" */ = {
			isa = XCConfigurationList;
			buildConfigurations = (
				D579C8C923FE863200BB4F7A /* Debug */,
				D579C8CA23FE863200BB4F7A /* Release */,
			);
			defaultConfigurationIsVisible = 0;
			defaultConfigurationName = Release;
		};
/* End XCConfigurationList section */
	};
	rootObject = D579C89023FE862F00BB4F7A /* Project object */;
}
